// !$*UTF8*$!
{
	archiveVersion = 1;
	classes = {
	};
	objectVersion = 50;
	objects = {

/* Begin PBXBuildFile section */
		9BDE70AF26EE5F7C0031CC1A /* AppDelegate.swift in Sources */ = {isa = PBXBuildFile; fileRef = 9BDE70AE26EE5F7C0031CC1A /* AppDelegate.swift */; };
		9BDE70B926EE5F7C0031CC1A /* DAZN_CASE.xcdatamodeld in Sources */ = {isa = PBXBuildFile; fileRef = 9BDE70B726EE5F7C0031CC1A /* DAZN_CASE.xcdatamodeld */; };
		9BDE70BB26EE5F7F0031CC1A /* Assets.xcassets in Resources */ = {isa = PBXBuildFile; fileRef = 9BDE70BA26EE5F7F0031CC1A /* Assets.xcassets */; };
		9BDE70BE26EE5F7F0031CC1A /* LaunchScreen.storyboard in Resources */ = {isa = PBXBuildFile; fileRef = 9BDE70BC26EE5F7F0031CC1A /* LaunchScreen.storyboard */; };
		9BDE70C926EE5F7F0031CC1A /* DAZN_CASETests.swift in Sources */ = {isa = PBXBuildFile; fileRef = 9BDE70C826EE5F7F0031CC1A /* DAZN_CASETests.swift */; };
		9BDE70D426EE5F7F0031CC1A /* DAZN_CASEUITests.swift in Sources */ = {isa = PBXBuildFile; fileRef = 9BDE70D326EE5F7F0031CC1A /* DAZN_CASEUITests.swift */; };
		9BDE70EA26EE6A5D0031CC1A /* ParameterEncoding.swift in Sources */ = {isa = PBXBuildFile; fileRef = 9BDE70E926EE6A5D0031CC1A /* ParameterEncoding.swift */; };
		9BDE70ED26EE6A760031CC1A /* URLParameterEncoder.swift in Sources */ = {isa = PBXBuildFile; fileRef = 9BDE70EC26EE6A760031CC1A /* URLParameterEncoder.swift */; };
		9BDE70EF26EE6A850031CC1A /* JSONParameterEncoder.swift in Sources */ = {isa = PBXBuildFile; fileRef = 9BDE70EE26EE6A850031CC1A /* JSONParameterEncoder.swift */; };
		9BDE70F226EE766B0031CC1A /* HTTPMethod.swift in Sources */ = {isa = PBXBuildFile; fileRef = 9BDE70F126EE766B0031CC1A /* HTTPMethod.swift */; };
		9BDE70F426EE76840031CC1A /* HTTPTask.swift in Sources */ = {isa = PBXBuildFile; fileRef = 9BDE70F326EE76840031CC1A /* HTTPTask.swift */; };
		9BDE70F626EE769D0031CC1A /* NetworkRouter.swift in Sources */ = {isa = PBXBuildFile; fileRef = 9BDE70F526EE769D0031CC1A /* NetworkRouter.swift */; };
		9BDE70F826EE76B80031CC1A /* Router.swift in Sources */ = {isa = PBXBuildFile; fileRef = 9BDE70F726EE76B80031CC1A /* Router.swift */; };
		9BDE70FA26EE76D10031CC1A /* NetworkLogger.swift in Sources */ = {isa = PBXBuildFile; fileRef = 9BDE70F926EE76D10031CC1A /* NetworkLogger.swift */; };
		9BDE70FD26EE77100031CC1A /* EndPointype.swift in Sources */ = {isa = PBXBuildFile; fileRef = 9BDE70FC26EE77100031CC1A /* EndPointype.swift */; };
		9BDE70FF26EE77380031CC1A /* BaseEndpoint.swift in Sources */ = {isa = PBXBuildFile; fileRef = 9BDE70FE26EE77380031CC1A /* BaseEndpoint.swift */; };
		9BDE710226EE77840031CC1A /* NetworkManager.swift in Sources */ = {isa = PBXBuildFile; fileRef = 9BDE710126EE77840031CC1A /* NetworkManager.swift */; };
		9BDE710626EE8C260031CC1A /* FeedVC.swift in Sources */ = {isa = PBXBuildFile; fileRef = 9BDE710426EE8C260031CC1A /* FeedVC.swift */; };
		9BDE710726EE8C260031CC1A /* FeedVC.xib in Resources */ = {isa = PBXBuildFile; fileRef = 9BDE710526EE8C260031CC1A /* FeedVC.xib */; };
		9BDE710B26EED5D40031CC1A /* MakeDropDown.swift in Sources */ = {isa = PBXBuildFile; fileRef = 9BDE710A26EED5D40031CC1A /* MakeDropDown.swift */; };
		9BDE710E26EED67D0031CC1A /* DropDownCell.swift in Sources */ = {isa = PBXBuildFile; fileRef = 9BDE710C26EED67D0031CC1A /* DropDownCell.swift */; };
		9BDE710F26EED67D0031CC1A /* DropDownCell.xib in Resources */ = {isa = PBXBuildFile; fileRef = 9BDE710D26EED67D0031CC1A /* DropDownCell.xib */; };
		9BDE711126EED76C0031CC1A /* FeedRouter.swift in Sources */ = {isa = PBXBuildFile; fileRef = 9BDE711026EED76C0031CC1A /* FeedRouter.swift */; };
		9BDE711426EEE6E10031CC1A /* UICollectionView + Extension.swift in Sources */ = {isa = PBXBuildFile; fileRef = 9BDE711226EEE6E10031CC1A /* UICollectionView + Extension.swift */; };
		9BDE711726EEE7530031CC1A /* Constant.swift in Sources */ = {isa = PBXBuildFile; fileRef = 9BDE711626EEE7530031CC1A /* Constant.swift */; };
		9BDE711926EEE9C30031CC1A /* NewsResponse.swift in Sources */ = {isa = PBXBuildFile; fileRef = 9BDE711826EEE9C30031CC1A /* NewsResponse.swift */; };
		9BDE711B26EEEA680031CC1A /* MatchesResponse.swift in Sources */ = {isa = PBXBuildFile; fileRef = 9BDE711A26EEEA680031CC1A /* MatchesResponse.swift */; };
		9BDE711F26EEEB860031CC1A /* ScoresVC.swift in Sources */ = {isa = PBXBuildFile; fileRef = 9BDE711D26EEEB860031CC1A /* ScoresVC.swift */; };
		9BDE712026EEEB860031CC1A /* ScoresVC.xib in Resources */ = {isa = PBXBuildFile; fileRef = 9BDE711E26EEEB860031CC1A /* ScoresVC.xib */; };
		9BDE712226EEEB990031CC1A /* ScoresRouter.swift in Sources */ = {isa = PBXBuildFile; fileRef = 9BDE712126EEEB990031CC1A /* ScoresRouter.swift */; };
		9BDE712426EEEBAA0031CC1A /* ScoresInteractor.swift in Sources */ = {isa = PBXBuildFile; fileRef = 9BDE712326EEEBAA0031CC1A /* ScoresInteractor.swift */; };
		9BDE712626EEEBB90031CC1A /* ScoresPresenter.swift in Sources */ = {isa = PBXBuildFile; fileRef = 9BDE712526EEEBB90031CC1A /* ScoresPresenter.swift */; };
		9BDE712826EEEBDC0031CC1A /* ScoresProtocols.swift in Sources */ = {isa = PBXBuildFile; fileRef = 9BDE712726EEEBDC0031CC1A /* ScoresProtocols.swift */; };
/* End PBXBuildFile section */

/* Begin PBXContainerItemProxy section */
		9BDE70C526EE5F7F0031CC1A /* PBXContainerItemProxy */ = {
			isa = PBXContainerItemProxy;
			containerPortal = 9BDE70A326EE5F7C0031CC1A /* Project object */;
			proxyType = 1;
			remoteGlobalIDString = 9BDE70AA26EE5F7C0031CC1A;
			remoteInfo = "DAZN-CASE";
		};
		9BDE70D026EE5F7F0031CC1A /* PBXContainerItemProxy */ = {
			isa = PBXContainerItemProxy;
			containerPortal = 9BDE70A326EE5F7C0031CC1A /* Project object */;
			proxyType = 1;
			remoteGlobalIDString = 9BDE70AA26EE5F7C0031CC1A;
			remoteInfo = "DAZN-CASE";
		};
/* End PBXContainerItemProxy section */

/* Begin PBXFileReference section */
		9BDE70AB26EE5F7C0031CC1A /* DAZN-CASE.app */ = {isa = PBXFileReference; explicitFileType = wrapper.application; includeInIndex = 0; path = "DAZN-CASE.app"; sourceTree = BUILT_PRODUCTS_DIR; };
		9BDE70AE26EE5F7C0031CC1A /* AppDelegate.swift */ = {isa = PBXFileReference; lastKnownFileType = sourcecode.swift; path = AppDelegate.swift; sourceTree = "<group>"; };
		9BDE70B826EE5F7C0031CC1A /* DAZN_CASE.xcdatamodel */ = {isa = PBXFileReference; lastKnownFileType = wrapper.xcdatamodel; path = DAZN_CASE.xcdatamodel; sourceTree = "<group>"; };
		9BDE70BA26EE5F7F0031CC1A /* Assets.xcassets */ = {isa = PBXFileReference; lastKnownFileType = folder.assetcatalog; path = Assets.xcassets; sourceTree = "<group>"; };
		9BDE70BD26EE5F7F0031CC1A /* Base */ = {isa = PBXFileReference; lastKnownFileType = file.storyboard; name = Base; path = Base.lproj/LaunchScreen.storyboard; sourceTree = "<group>"; };
		9BDE70BF26EE5F7F0031CC1A /* Info.plist */ = {isa = PBXFileReference; lastKnownFileType = text.plist.xml; path = Info.plist; sourceTree = "<group>"; };
		9BDE70C426EE5F7F0031CC1A /* DAZN-CASETests.xctest */ = {isa = PBXFileReference; explicitFileType = wrapper.cfbundle; includeInIndex = 0; path = "DAZN-CASETests.xctest"; sourceTree = BUILT_PRODUCTS_DIR; };
		9BDE70C826EE5F7F0031CC1A /* DAZN_CASETests.swift */ = {isa = PBXFileReference; lastKnownFileType = sourcecode.swift; path = DAZN_CASETests.swift; sourceTree = "<group>"; };
		9BDE70CA26EE5F7F0031CC1A /* Info.plist */ = {isa = PBXFileReference; lastKnownFileType = text.plist.xml; path = Info.plist; sourceTree = "<group>"; };
		9BDE70CF26EE5F7F0031CC1A /* DAZN-CASEUITests.xctest */ = {isa = PBXFileReference; explicitFileType = wrapper.cfbundle; includeInIndex = 0; path = "DAZN-CASEUITests.xctest"; sourceTree = BUILT_PRODUCTS_DIR; };
		9BDE70D326EE5F7F0031CC1A /* DAZN_CASEUITests.swift */ = {isa = PBXFileReference; lastKnownFileType = sourcecode.swift; path = DAZN_CASEUITests.swift; sourceTree = "<group>"; };
		9BDE70D526EE5F7F0031CC1A /* Info.plist */ = {isa = PBXFileReference; lastKnownFileType = text.plist.xml; path = Info.plist; sourceTree = "<group>"; };
		9BDE70E926EE6A5D0031CC1A /* ParameterEncoding.swift */ = {isa = PBXFileReference; lastKnownFileType = sourcecode.swift; path = ParameterEncoding.swift; sourceTree = "<group>"; };
		9BDE70EC26EE6A760031CC1A /* URLParameterEncoder.swift */ = {isa = PBXFileReference; lastKnownFileType = sourcecode.swift; path = URLParameterEncoder.swift; sourceTree = "<group>"; };
		9BDE70EE26EE6A850031CC1A /* JSONParameterEncoder.swift */ = {isa = PBXFileReference; lastKnownFileType = sourcecode.swift; path = JSONParameterEncoder.swift; sourceTree = "<group>"; };
		9BDE70F126EE766B0031CC1A /* HTTPMethod.swift */ = {isa = PBXFileReference; lastKnownFileType = sourcecode.swift; path = HTTPMethod.swift; sourceTree = "<group>"; };
		9BDE70F326EE76840031CC1A /* HTTPTask.swift */ = {isa = PBXFileReference; lastKnownFileType = sourcecode.swift; path = HTTPTask.swift; sourceTree = "<group>"; };
		9BDE70F526EE769D0031CC1A /* NetworkRouter.swift */ = {isa = PBXFileReference; lastKnownFileType = sourcecode.swift; path = NetworkRouter.swift; sourceTree = "<group>"; };
		9BDE70F726EE76B80031CC1A /* Router.swift */ = {isa = PBXFileReference; lastKnownFileType = sourcecode.swift; path = Router.swift; sourceTree = "<group>"; };
		9BDE70F926EE76D10031CC1A /* NetworkLogger.swift */ = {isa = PBXFileReference; lastKnownFileType = sourcecode.swift; path = NetworkLogger.swift; sourceTree = "<group>"; };
		9BDE70FC26EE77100031CC1A /* EndPointype.swift */ = {isa = PBXFileReference; lastKnownFileType = sourcecode.swift; path = EndPointype.swift; sourceTree = "<group>"; };
		9BDE70FE26EE77380031CC1A /* BaseEndpoint.swift */ = {isa = PBXFileReference; lastKnownFileType = sourcecode.swift; path = BaseEndpoint.swift; sourceTree = "<group>"; };
		9BDE710126EE77840031CC1A /* NetworkManager.swift */ = {isa = PBXFileReference; lastKnownFileType = sourcecode.swift; path = NetworkManager.swift; sourceTree = "<group>"; };
		9BDE710426EE8C260031CC1A /* FeedVC.swift */ = {isa = PBXFileReference; lastKnownFileType = sourcecode.swift; path = FeedVC.swift; sourceTree = "<group>"; };
		9BDE710526EE8C260031CC1A /* FeedVC.xib */ = {isa = PBXFileReference; lastKnownFileType = file.xib; path = FeedVC.xib; sourceTree = "<group>"; };
		9BDE710A26EED5D40031CC1A /* MakeDropDown.swift */ = {isa = PBXFileReference; lastKnownFileType = sourcecode.swift; path = MakeDropDown.swift; sourceTree = "<group>"; };
		9BDE710C26EED67D0031CC1A /* DropDownCell.swift */ = {isa = PBXFileReference; lastKnownFileType = sourcecode.swift; path = DropDownCell.swift; sourceTree = "<group>"; };
		9BDE710D26EED67D0031CC1A /* DropDownCell.xib */ = {isa = PBXFileReference; lastKnownFileType = file.xib; path = DropDownCell.xib; sourceTree = "<group>"; };
		9BDE711026EED76C0031CC1A /* FeedRouter.swift */ = {isa = PBXFileReference; lastKnownFileType = sourcecode.swift; path = FeedRouter.swift; sourceTree = "<group>"; };
		9BDE711226EEE6E10031CC1A /* UICollectionView + Extension.swift */ = {isa = PBXFileReference; fileEncoding = 4; lastKnownFileType = sourcecode.swift; path = "UICollectionView + Extension.swift"; sourceTree = "<group>"; };
		9BDE711626EEE7530031CC1A /* Constant.swift */ = {isa = PBXFileReference; fileEncoding = 4; lastKnownFileType = sourcecode.swift; path = Constant.swift; sourceTree = "<group>"; };
		9BDE711826EEE9C30031CC1A /* NewsResponse.swift */ = {isa = PBXFileReference; lastKnownFileType = sourcecode.swift; path = NewsResponse.swift; sourceTree = "<group>"; };
		9BDE711A26EEEA680031CC1A /* MatchesResponse.swift */ = {isa = PBXFileReference; lastKnownFileType = sourcecode.swift; path = MatchesResponse.swift; sourceTree = "<group>"; };
		9BDE711D26EEEB860031CC1A /* ScoresVC.swift */ = {isa = PBXFileReference; lastKnownFileType = sourcecode.swift; path = ScoresVC.swift; sourceTree = "<group>"; };
		9BDE711E26EEEB860031CC1A /* ScoresVC.xib */ = {isa = PBXFileReference; lastKnownFileType = file.xib; path = ScoresVC.xib; sourceTree = "<group>"; };
		9BDE712126EEEB990031CC1A /* ScoresRouter.swift */ = {isa = PBXFileReference; lastKnownFileType = sourcecode.swift; path = ScoresRouter.swift; sourceTree = "<group>"; };
		9BDE712326EEEBAA0031CC1A /* ScoresInteractor.swift */ = {isa = PBXFileReference; lastKnownFileType = sourcecode.swift; path = ScoresInteractor.swift; sourceTree = "<group>"; };
		9BDE712526EEEBB90031CC1A /* ScoresPresenter.swift */ = {isa = PBXFileReference; lastKnownFileType = sourcecode.swift; path = ScoresPresenter.swift; sourceTree = "<group>"; };
		9BDE712726EEEBDC0031CC1A /* ScoresProtocols.swift */ = {isa = PBXFileReference; lastKnownFileType = sourcecode.swift; path = ScoresProtocols.swift; sourceTree = "<group>"; };
/* End PBXFileReference section */

/* Begin PBXFrameworksBuildPhase section */
		9BDE70A826EE5F7C0031CC1A /* Frameworks */ = {
			isa = PBXFrameworksBuildPhase;
			buildActionMask = 2147483647;
			files = (
			);
			runOnlyForDeploymentPostprocessing = 0;
		};
		9BDE70C126EE5F7F0031CC1A /* Frameworks */ = {
			isa = PBXFrameworksBuildPhase;
			buildActionMask = 2147483647;
			files = (
			);
			runOnlyForDeploymentPostprocessing = 0;
		};
		9BDE70CC26EE5F7F0031CC1A /* Frameworks */ = {
			isa = PBXFrameworksBuildPhase;
			buildActionMask = 2147483647;
			files = (
			);
			runOnlyForDeploymentPostprocessing = 0;
		};
/* End PBXFrameworksBuildPhase section */

/* Begin PBXGroup section */
		9BDE70A226EE5F7C0031CC1A = {
			isa = PBXGroup;
			children = (
				9BDE70AD26EE5F7C0031CC1A /* DAZN-CASE */,
				9BDE70C726EE5F7F0031CC1A /* DAZN-CASETests */,
				9BDE70D226EE5F7F0031CC1A /* DAZN-CASEUITests */,
				9BDE70AC26EE5F7C0031CC1A /* Products */,
			);
			sourceTree = "<group>";
		};
		9BDE70AC26EE5F7C0031CC1A /* Products */ = {
			isa = PBXGroup;
			children = (
				9BDE70AB26EE5F7C0031CC1A /* DAZN-CASE.app */,
				9BDE70C426EE5F7F0031CC1A /* DAZN-CASETests.xctest */,
				9BDE70CF26EE5F7F0031CC1A /* DAZN-CASEUITests.xctest */,
			);
			name = Products;
			sourceTree = "<group>";
		};
		9BDE70AD26EE5F7C0031CC1A /* DAZN-CASE */ = {
			isa = PBXGroup;
			children = (
				9BDE70E726EE6A2C0031CC1A /* Modules */,
				9BDE70E626EE6A240031CC1A /* App */,
				9BDE70E526EE6A0E0031CC1A /* Models */,
				9BDE70E426EE6A030031CC1A /* Resources */,
				9BDE70E326EE69F90031CC1A /* Config */,
				9BDE70E126EE5FB00031CC1A /* Networking */,
				9BDE70E226EE69E80031CC1A /* Extensions */,
				9BDE710826EED5880031CC1A /* UIKit */,
				9BDE70B726EE5F7C0031CC1A /* DAZN_CASE.xcdatamodeld */,
				9BDE70BF26EE5F7F0031CC1A /* Info.plist */,
			);
			path = "DAZN-CASE";
			sourceTree = "<group>";
		};
		9BDE70C726EE5F7F0031CC1A /* DAZN-CASETests */ = {
			isa = PBXGroup;
			children = (
				9BDE70C826EE5F7F0031CC1A /* DAZN_CASETests.swift */,
				9BDE70CA26EE5F7F0031CC1A /* Info.plist */,
			);
			path = "DAZN-CASETests";
			sourceTree = "<group>";
		};
		9BDE70D226EE5F7F0031CC1A /* DAZN-CASEUITests */ = {
			isa = PBXGroup;
			children = (
				9BDE70D326EE5F7F0031CC1A /* DAZN_CASEUITests.swift */,
				9BDE70D526EE5F7F0031CC1A /* Info.plist */,
			);
			path = "DAZN-CASEUITests";
			sourceTree = "<group>";
		};
		9BDE70E126EE5FB00031CC1A /* Networking */ = {
			isa = PBXGroup;
			children = (
				9BDE710026EE77700031CC1A /* Manager */,
				9BDE70FB26EE76F40031CC1A /* EndPoint */,
				9BDE70F026EE765A0031CC1A /* Service */,
				9BDE70E826EE6A470031CC1A /* Encoding */,
			);
			path = Networking;
			sourceTree = "<group>";
		};
		9BDE70E226EE69E80031CC1A /* Extensions */ = {
			isa = PBXGroup;
			children = (
				9BDE711226EEE6E10031CC1A /* UICollectionView + Extension.swift */,
			);
			path = Extensions;
			sourceTree = "<group>";
		};
		9BDE70E326EE69F90031CC1A /* Config */ = {
			isa = PBXGroup;
			children = (
			);
			path = Config;
			sourceTree = "<group>";
		};
		9BDE70E426EE6A030031CC1A /* Resources */ = {
			isa = PBXGroup;
			children = (
				9BDE70BA26EE5F7F0031CC1A /* Assets.xcassets */,
			);
			path = Resources;
			sourceTree = "<group>";
		};
		9BDE70E526EE6A0E0031CC1A /* Models */ = {
			isa = PBXGroup;
			children = (
				9BDE711826EEE9C30031CC1A /* NewsResponse.swift */,
				9BDE711A26EEEA680031CC1A /* MatchesResponse.swift */,
			);
			path = Models;
			sourceTree = "<group>";
		};
		9BDE70E626EE6A240031CC1A /* App */ = {
			isa = PBXGroup;
			children = (
				9BDE711626EEE7530031CC1A /* Constant.swift */,
				9BDE70AE26EE5F7C0031CC1A /* AppDelegate.swift */,
			);
			path = App;
			sourceTree = "<group>";
		};
		9BDE70E726EE6A2C0031CC1A /* Modules */ = {
			isa = PBXGroup;
			children = (
				9BDE711C26EEEB680031CC1A /* Scores */,
				9BDE710326EE7F820031CC1A /* Feed */,
			);
			path = Modules;
			sourceTree = "<group>";
		};
		9BDE70E826EE6A470031CC1A /* Encoding */ = {
			isa = PBXGroup;
			children = (
				9BDE70E926EE6A5D0031CC1A /* ParameterEncoding.swift */,
				9BDE70EC26EE6A760031CC1A /* URLParameterEncoder.swift */,
				9BDE70EE26EE6A850031CC1A /* JSONParameterEncoder.swift */,
			);
			path = Encoding;
			sourceTree = "<group>";
		};
		9BDE70F026EE765A0031CC1A /* Service */ = {
			isa = PBXGroup;
			children = (
				9BDE70F126EE766B0031CC1A /* HTTPMethod.swift */,
				9BDE70F326EE76840031CC1A /* HTTPTask.swift */,
				9BDE70F526EE769D0031CC1A /* NetworkRouter.swift */,
				9BDE70F726EE76B80031CC1A /* Router.swift */,
				9BDE70F926EE76D10031CC1A /* NetworkLogger.swift */,
			);
			path = Service;
			sourceTree = "<group>";
		};
		9BDE70FB26EE76F40031CC1A /* EndPoint */ = {
			isa = PBXGroup;
			children = (
				9BDE70FC26EE77100031CC1A /* EndPointype.swift */,
				9BDE70FE26EE77380031CC1A /* BaseEndpoint.swift */,
			);
			path = EndPoint;
			sourceTree = "<group>";
		};
		9BDE710026EE77700031CC1A /* Manager */ = {
			isa = PBXGroup;
			children = (
				9BDE710126EE77840031CC1A /* NetworkManager.swift */,
			);
			path = Manager;
			sourceTree = "<group>";
		};
		9BDE710326EE7F820031CC1A /* Feed */ = {
			isa = PBXGroup;
			children = (
				9BDE710426EE8C260031CC1A /* FeedVC.swift */,
				9BDE710526EE8C260031CC1A /* FeedVC.xib */,
				9BDE711026EED76C0031CC1A /* FeedRouter.swift */,
			);
			path = Feed;
			sourceTree = "<group>";
		};
		9BDE710826EED5880031CC1A /* UIKit */ = {
			isa = PBXGroup;
			children = (
				9BDE70BC26EE5F7F0031CC1A /* LaunchScreen.storyboard */,
				9BDE710926EED5910031CC1A /* Dropdownmenu */,
			);
			path = UIKit;
			sourceTree = "<group>";
		};
		9BDE710926EED5910031CC1A /* Dropdownmenu */ = {
			isa = PBXGroup;
			children = (
				9BDE710A26EED5D40031CC1A /* MakeDropDown.swift */,
				9BDE710C26EED67D0031CC1A /* DropDownCell.swift */,
				9BDE710D26EED67D0031CC1A /* DropDownCell.xib */,
			);
			path = Dropdownmenu;
			sourceTree = "<group>";
		};
		9BDE711C26EEEB680031CC1A /* Scores */ = {
			isa = PBXGroup;
			children = (
				9BDE711D26EEEB860031CC1A /* ScoresVC.swift */,
				9BDE711E26EEEB860031CC1A /* ScoresVC.xib */,
				9BDE712126EEEB990031CC1A /* ScoresRouter.swift */,
				9BDE712326EEEBAA0031CC1A /* ScoresInteractor.swift */,
				9BDE712526EEEBB90031CC1A /* ScoresPresenter.swift */,
				9BDE712726EEEBDC0031CC1A /* ScoresProtocols.swift */,
			);
			path = Scores;
			sourceTree = "<group>";
		};
/* End PBXGroup section */

/* Begin PBXNativeTarget section */
		9BDE70AA26EE5F7C0031CC1A /* DAZN-CASE */ = {
			isa = PBXNativeTarget;
			buildConfigurationList = 9BDE70D826EE5F7F0031CC1A /* Build configuration list for PBXNativeTarget "DAZN-CASE" */;
			buildPhases = (
				9BDE70A726EE5F7C0031CC1A /* Sources */,
				9BDE70A826EE5F7C0031CC1A /* Frameworks */,
				9BDE70A926EE5F7C0031CC1A /* Resources */,
			);
			buildRules = (
			);
			dependencies = (
			);
			name = "DAZN-CASE";
			productName = "DAZN-CASE";
			productReference = 9BDE70AB26EE5F7C0031CC1A /* DAZN-CASE.app */;
			productType = "com.apple.product-type.application";
		};
		9BDE70C326EE5F7F0031CC1A /* DAZN-CASETests */ = {
			isa = PBXNativeTarget;
			buildConfigurationList = 9BDE70DB26EE5F7F0031CC1A /* Build configuration list for PBXNativeTarget "DAZN-CASETests" */;
			buildPhases = (
				9BDE70C026EE5F7F0031CC1A /* Sources */,
				9BDE70C126EE5F7F0031CC1A /* Frameworks */,
				9BDE70C226EE5F7F0031CC1A /* Resources */,
			);
			buildRules = (
			);
			dependencies = (
				9BDE70C626EE5F7F0031CC1A /* PBXTargetDependency */,
			);
			name = "DAZN-CASETests";
			productName = "DAZN-CASETests";
			productReference = 9BDE70C426EE5F7F0031CC1A /* DAZN-CASETests.xctest */;
			productType = "com.apple.product-type.bundle.unit-test";
		};
		9BDE70CE26EE5F7F0031CC1A /* DAZN-CASEUITests */ = {
			isa = PBXNativeTarget;
			buildConfigurationList = 9BDE70DE26EE5F7F0031CC1A /* Build configuration list for PBXNativeTarget "DAZN-CASEUITests" */;
			buildPhases = (
				9BDE70CB26EE5F7F0031CC1A /* Sources */,
				9BDE70CC26EE5F7F0031CC1A /* Frameworks */,
				9BDE70CD26EE5F7F0031CC1A /* Resources */,
			);
			buildRules = (
			);
			dependencies = (
				9BDE70D126EE5F7F0031CC1A /* PBXTargetDependency */,
			);
			name = "DAZN-CASEUITests";
			productName = "DAZN-CASEUITests";
			productReference = 9BDE70CF26EE5F7F0031CC1A /* DAZN-CASEUITests.xctest */;
			productType = "com.apple.product-type.bundle.ui-testing";
		};
/* End PBXNativeTarget section */

/* Begin PBXProject section */
		9BDE70A326EE5F7C0031CC1A /* Project object */ = {
			isa = PBXProject;
			attributes = {
				LastSwiftUpdateCheck = 1250;
				LastUpgradeCheck = 1250;
				TargetAttributes = {
					9BDE70AA26EE5F7C0031CC1A = {
						CreatedOnToolsVersion = 12.5.1;
					};
					9BDE70C326EE5F7F0031CC1A = {
						CreatedOnToolsVersion = 12.5.1;
						TestTargetID = 9BDE70AA26EE5F7C0031CC1A;
					};
					9BDE70CE26EE5F7F0031CC1A = {
						CreatedOnToolsVersion = 12.5.1;
						TestTargetID = 9BDE70AA26EE5F7C0031CC1A;
					};
				};
			};
			buildConfigurationList = 9BDE70A626EE5F7C0031CC1A /* Build configuration list for PBXProject "DAZN-CASE" */;
			compatibilityVersion = "Xcode 9.3";
			developmentRegion = en;
			hasScannedForEncodings = 0;
			knownRegions = (
				en,
				Base,
			);
			mainGroup = 9BDE70A226EE5F7C0031CC1A;
			productRefGroup = 9BDE70AC26EE5F7C0031CC1A /* Products */;
			projectDirPath = "";
			projectRoot = "";
			targets = (
				9BDE70AA26EE5F7C0031CC1A /* DAZN-CASE */,
				9BDE70C326EE5F7F0031CC1A /* DAZN-CASETests */,
				9BDE70CE26EE5F7F0031CC1A /* DAZN-CASEUITests */,
			);
		};
/* End PBXProject section */

/* Begin PBXResourcesBuildPhase section */
		9BDE70A926EE5F7C0031CC1A /* Resources */ = {
			isa = PBXResourcesBuildPhase;
			buildActionMask = 2147483647;
			files = (
				9BDE710726EE8C260031CC1A /* FeedVC.xib in Resources */,
				9BDE70BE26EE5F7F0031CC1A /* LaunchScreen.storyboard in Resources */,
				9BDE710F26EED67D0031CC1A /* DropDownCell.xib in Resources */,
				9BDE712026EEEB860031CC1A /* ScoresVC.xib in Resources */,
				9BDE70BB26EE5F7F0031CC1A /* Assets.xcassets in Resources */,
			);
			runOnlyForDeploymentPostprocessing = 0;
		};
		9BDE70C226EE5F7F0031CC1A /* Resources */ = {
			isa = PBXResourcesBuildPhase;
			buildActionMask = 2147483647;
			files = (
			);
			runOnlyForDeploymentPostprocessing = 0;
		};
		9BDE70CD26EE5F7F0031CC1A /* Resources */ = {
			isa = PBXResourcesBuildPhase;
			buildActionMask = 2147483647;
			files = (
			);
			runOnlyForDeploymentPostprocessing = 0;
		};
/* End PBXResourcesBuildPhase section */

/* Begin PBXSourcesBuildPhase section */
		9BDE70A726EE5F7C0031CC1A /* Sources */ = {
			isa = PBXSourcesBuildPhase;
			buildActionMask = 2147483647;
			files = (
				9BDE711426EEE6E10031CC1A /* UICollectionView + Extension.swift in Sources */,
				9BDE711926EEE9C30031CC1A /* NewsResponse.swift in Sources */,
				9BDE710B26EED5D40031CC1A /* MakeDropDown.swift in Sources */,
				9BDE70FA26EE76D10031CC1A /* NetworkLogger.swift in Sources */,
				9BDE70FF26EE77380031CC1A /* BaseEndpoint.swift in Sources */,
				9BDE711F26EEEB860031CC1A /* ScoresVC.swift in Sources */,
				9BDE70F826EE76B80031CC1A /* Router.swift in Sources */,
				9BDE712226EEEB990031CC1A /* ScoresRouter.swift in Sources */,
				9BDE712826EEEBDC0031CC1A /* ScoresProtocols.swift in Sources */,
				9BDE710626EE8C260031CC1A /* FeedVC.swift in Sources */,
				9BDE70AF26EE5F7C0031CC1A /* AppDelegate.swift in Sources */,
				9BDE711126EED76C0031CC1A /* FeedRouter.swift in Sources */,
				9BDE711726EEE7530031CC1A /* Constant.swift in Sources */,
				9BDE70ED26EE6A760031CC1A /* URLParameterEncoder.swift in Sources */,
				9BDE70F426EE76840031CC1A /* HTTPTask.swift in Sources */,
				9BDE70EA26EE6A5D0031CC1A /* ParameterEncoding.swift in Sources */,
				9BDE70FD26EE77100031CC1A /* EndPointype.swift in Sources */,
				9BDE710E26EED67D0031CC1A /* DropDownCell.swift in Sources */,
				9BDE70F226EE766B0031CC1A /* HTTPMethod.swift in Sources */,
				9BDE70B926EE5F7C0031CC1A /* DAZN_CASE.xcdatamodeld in Sources */,
				9BDE711B26EEEA680031CC1A /* MatchesResponse.swift in Sources */,
				9BDE70F626EE769D0031CC1A /* NetworkRouter.swift in Sources */,
				9BDE710226EE77840031CC1A /* NetworkManager.swift in Sources */,
				9BDE712626EEEBB90031CC1A /* ScoresPresenter.swift in Sources */,
				9BDE70EF26EE6A850031CC1A /* JSONParameterEncoder.swift in Sources */,
				9BDE712426EEEBAA0031CC1A /* ScoresInteractor.swift in Sources */,
			);
			runOnlyForDeploymentPostprocessing = 0;
		};
		9BDE70C026EE5F7F0031CC1A /* Sources */ = {
			isa = PBXSourcesBuildPhase;
			buildActionMask = 2147483647;
			files = (
				9BDE70C926EE5F7F0031CC1A /* DAZN_CASETests.swift in Sources */,
			);
			runOnlyForDeploymentPostprocessing = 0;
		};
		9BDE70CB26EE5F7F0031CC1A /* Sources */ = {
			isa = PBXSourcesBuildPhase;
			buildActionMask = 2147483647;
			files = (
				9BDE70D426EE5F7F0031CC1A /* DAZN_CASEUITests.swift in Sources */,
			);
			runOnlyForDeploymentPostprocessing = 0;
		};
/* End PBXSourcesBuildPhase section */

/* Begin PBXTargetDependency section */
		9BDE70C626EE5F7F0031CC1A /* PBXTargetDependency */ = {
			isa = PBXTargetDependency;
			target = 9BDE70AA26EE5F7C0031CC1A /* DAZN-CASE */;
			targetProxy = 9BDE70C526EE5F7F0031CC1A /* PBXContainerItemProxy */;
		};
		9BDE70D126EE5F7F0031CC1A /* PBXTargetDependency */ = {
			isa = PBXTargetDependency;
			target = 9BDE70AA26EE5F7C0031CC1A /* DAZN-CASE */;
			targetProxy = 9BDE70D026EE5F7F0031CC1A /* PBXContainerItemProxy */;
		};
/* End PBXTargetDependency section */

/* Begin PBXVariantGroup section */
		9BDE70BC26EE5F7F0031CC1A /* LaunchScreen.storyboard */ = {
			isa = PBXVariantGroup;
			children = (
				9BDE70BD26EE5F7F0031CC1A /* Base */,
			);
			name = LaunchScreen.storyboard;
			sourceTree = "<group>";
		};
/* End PBXVariantGroup section */

/* Begin XCBuildConfiguration section */
		9BDE70D626EE5F7F0031CC1A /* Debug */ = {
			isa = XCBuildConfiguration;
			buildSettings = {
				ALWAYS_SEARCH_USER_PATHS = NO;
				CLANG_ANALYZER_NONNULL = YES;
				CLANG_ANALYZER_NUMBER_OBJECT_CONVERSION = YES_AGGRESSIVE;
				CLANG_CXX_LANGUAGE_STANDARD = "gnu++14";
				CLANG_CXX_LIBRARY = "libc++";
				CLANG_ENABLE_MODULES = YES;
				CLANG_ENABLE_OBJC_ARC = YES;
				CLANG_ENABLE_OBJC_WEAK = YES;
				CLANG_WARN_BLOCK_CAPTURE_AUTORELEASING = YES;
				CLANG_WARN_BOOL_CONVERSION = YES;
				CLANG_WARN_COMMA = YES;
				CLANG_WARN_CONSTANT_CONVERSION = YES;
				CLANG_WARN_DEPRECATED_OBJC_IMPLEMENTATIONS = YES;
				CLANG_WARN_DIRECT_OBJC_ISA_USAGE = YES_ERROR;
				CLANG_WARN_DOCUMENTATION_COMMENTS = YES;
				CLANG_WARN_EMPTY_BODY = YES;
				CLANG_WARN_ENUM_CONVERSION = YES;
				CLANG_WARN_INFINITE_RECURSION = YES;
				CLANG_WARN_INT_CONVERSION = YES;
				CLANG_WARN_NON_LITERAL_NULL_CONVERSION = YES;
				CLANG_WARN_OBJC_IMPLICIT_RETAIN_SELF = YES;
				CLANG_WARN_OBJC_LITERAL_CONVERSION = YES;
				CLANG_WARN_OBJC_ROOT_CLASS = YES_ERROR;
				CLANG_WARN_QUOTED_INCLUDE_IN_FRAMEWORK_HEADER = YES;
				CLANG_WARN_RANGE_LOOP_ANALYSIS = YES;
				CLANG_WARN_STRICT_PROTOTYPES = YES;
				CLANG_WARN_SUSPICIOUS_MOVE = YES;
				CLANG_WARN_UNGUARDED_AVAILABILITY = YES_AGGRESSIVE;
				CLANG_WARN_UNREACHABLE_CODE = YES;
				CLANG_WARN__DUPLICATE_METHOD_MATCH = YES;
				COPY_PHASE_STRIP = NO;
				DEBUG_INFORMATION_FORMAT = dwarf;
				ENABLE_STRICT_OBJC_MSGSEND = YES;
				ENABLE_TESTABILITY = YES;
				GCC_C_LANGUAGE_STANDARD = gnu11;
				GCC_DYNAMIC_NO_PIC = NO;
				GCC_NO_COMMON_BLOCKS = YES;
				GCC_OPTIMIZATION_LEVEL = 0;
				GCC_PREPROCESSOR_DEFINITIONS = (
					"DEBUG=1",
					"$(inherited)",
				);
				GCC_WARN_64_TO_32_BIT_CONVERSION = YES;
				GCC_WARN_ABOUT_RETURN_TYPE = YES_ERROR;
				GCC_WARN_UNDECLARED_SELECTOR = YES;
				GCC_WARN_UNINITIALIZED_AUTOS = YES_AGGRESSIVE;
				GCC_WARN_UNUSED_FUNCTION = YES;
				GCC_WARN_UNUSED_VARIABLE = YES;
				IPHONEOS_DEPLOYMENT_TARGET = 14.5;
				MTL_ENABLE_DEBUG_INFO = INCLUDE_SOURCE;
				MTL_FAST_MATH = YES;
				ONLY_ACTIVE_ARCH = YES;
				SDKROOT = iphoneos;
				SWIFT_ACTIVE_COMPILATION_CONDITIONS = DEBUG;
				SWIFT_OPTIMIZATION_LEVEL = "-Onone";
			};
			name = Debug;
		};
		9BDE70D726EE5F7F0031CC1A /* Release */ = {
			isa = XCBuildConfiguration;
			buildSettings = {
				ALWAYS_SEARCH_USER_PATHS = NO;
				CLANG_ANALYZER_NONNULL = YES;
				CLANG_ANALYZER_NUMBER_OBJECT_CONVERSION = YES_AGGRESSIVE;
				CLANG_CXX_LANGUAGE_STANDARD = "gnu++14";
				CLANG_CXX_LIBRARY = "libc++";
				CLANG_ENABLE_MODULES = YES;
				CLANG_ENABLE_OBJC_ARC = YES;
				CLANG_ENABLE_OBJC_WEAK = YES;
				CLANG_WARN_BLOCK_CAPTURE_AUTORELEASING = YES;
				CLANG_WARN_BOOL_CONVERSION = YES;
				CLANG_WARN_COMMA = YES;
				CLANG_WARN_CONSTANT_CONVERSION = YES;
				CLANG_WARN_DEPRECATED_OBJC_IMPLEMENTATIONS = YES;
				CLANG_WARN_DIRECT_OBJC_ISA_USAGE = YES_ERROR;
				CLANG_WARN_DOCUMENTATION_COMMENTS = YES;
				CLANG_WARN_EMPTY_BODY = YES;
				CLANG_WARN_ENUM_CONVERSION = YES;
				CLANG_WARN_INFINITE_RECURSION = YES;
				CLANG_WARN_INT_CONVERSION = YES;
				CLANG_WARN_NON_LITERAL_NULL_CONVERSION = YES;
				CLANG_WARN_OBJC_IMPLICIT_RETAIN_SELF = YES;
				CLANG_WARN_OBJC_LITERAL_CONVERSION = YES;
				CLANG_WARN_OBJC_ROOT_CLASS = YES_ERROR;
				CLANG_WARN_QUOTED_INCLUDE_IN_FRAMEWORK_HEADER = YES;
				CLANG_WARN_RANGE_LOOP_ANALYSIS = YES;
				CLANG_WARN_STRICT_PROTOTYPES = YES;
				CLANG_WARN_SUSPICIOUS_MOVE = YES;
				CLANG_WARN_UNGUARDED_AVAILABILITY = YES_AGGRESSIVE;
				CLANG_WARN_UNREACHABLE_CODE = YES;
				CLANG_WARN__DUPLICATE_METHOD_MATCH = YES;
				COPY_PHASE_STRIP = NO;
				DEBUG_INFORMATION_FORMAT = "dwarf-with-dsym";
				ENABLE_NS_ASSERTIONS = NO;
				ENABLE_STRICT_OBJC_MSGSEND = YES;
				GCC_C_LANGUAGE_STANDARD = gnu11;
				GCC_NO_COMMON_BLOCKS = YES;
				GCC_WARN_64_TO_32_BIT_CONVERSION = YES;
				GCC_WARN_ABOUT_RETURN_TYPE = YES_ERROR;
				GCC_WARN_UNDECLARED_SELECTOR = YES;
				GCC_WARN_UNINITIALIZED_AUTOS = YES_AGGRESSIVE;
				GCC_WARN_UNUSED_FUNCTION = YES;
				GCC_WARN_UNUSED_VARIABLE = YES;
				IPHONEOS_DEPLOYMENT_TARGET = 14.5;
				MTL_ENABLE_DEBUG_INFO = NO;
				MTL_FAST_MATH = YES;
				SDKROOT = iphoneos;
				SWIFT_COMPILATION_MODE = wholemodule;
				SWIFT_OPTIMIZATION_LEVEL = "-O";
				VALIDATE_PRODUCT = YES;
			};
			name = Release;
		};
		9BDE70D926EE5F7F0031CC1A /* Debug */ = {
			isa = XCBuildConfiguration;
			buildSettings = {
				ASSETCATALOG_COMPILER_APPICON_NAME = AppIcon;
				ASSETCATALOG_COMPILER_GLOBAL_ACCENT_COLOR_NAME = AccentColor;
				CODE_SIGN_STYLE = Automatic;
				INFOPLIST_FILE = "DAZN-CASE/Info.plist";
				IPHONEOS_DEPLOYMENT_TARGET = 12.3;
				LD_RUNPATH_SEARCH_PATHS = (
					"$(inherited)",
					"@executable_path/Frameworks",
				);
				PRODUCT_BUNDLE_IDENTIFIER = "com.dazn.DAZN-CASE";
				PRODUCT_NAME = "$(TARGET_NAME)";
				SWIFT_VERSION = 5.0;
				TARGETED_DEVICE_FAMILY = "1,2";
			};
			name = Debug;
		};
		9BDE70DA26EE5F7F0031CC1A /* Release */ = {
			isa = XCBuildConfiguration;
			buildSettings = {
				ASSETCATALOG_COMPILER_APPICON_NAME = AppIcon;
				ASSETCATALOG_COMPILER_GLOBAL_ACCENT_COLOR_NAME = AccentColor;
				CODE_SIGN_STYLE = Automatic;
				INFOPLIST_FILE = "DAZN-CASE/Info.plist";
				IPHONEOS_DEPLOYMENT_TARGET = 12.3;
				LD_RUNPATH_SEARCH_PATHS = (
					"$(inherited)",
					"@executable_path/Frameworks",
				);
				PRODUCT_BUNDLE_IDENTIFIER = "com.dazn.DAZN-CASE";
				PRODUCT_NAME = "$(TARGET_NAME)";
				SWIFT_VERSION = 5.0;
				TARGETED_DEVICE_FAMILY = "1,2";
			};
			name = Release;
		};
		9BDE70DC26EE5F7F0031CC1A /* Debug */ = {
			isa = XCBuildConfiguration;
			buildSettings = {
				ALWAYS_EMBED_SWIFT_STANDARD_LIBRARIES = YES;
				BUNDLE_LOADER = "$(TEST_HOST)";
				CODE_SIGN_STYLE = Automatic;
				INFOPLIST_FILE = "DAZN-CASETests/Info.plist";
				IPHONEOS_DEPLOYMENT_TARGET = 14.5;
				LD_RUNPATH_SEARCH_PATHS = (
					"$(inherited)",
					"@executable_path/Frameworks",
					"@loader_path/Frameworks",
				);
				PRODUCT_BUNDLE_IDENTIFIER = "com.dazn.DAZN-CASETests";
				PRODUCT_NAME = "$(TARGET_NAME)";
				SWIFT_VERSION = 5.0;
				TARGETED_DEVICE_FAMILY = "1,2";
				TEST_HOST = "$(BUILT_PRODUCTS_DIR)/DAZN-CASE.app/DAZN-CASE";
			};
			name = Debug;
		};
		9BDE70DD26EE5F7F0031CC1A /* Release */ = {
			isa = XCBuildConfiguration;
			buildSettings = {
				ALWAYS_EMBED_SWIFT_STANDARD_LIBRARIES = YES;
				BUNDLE_LOADER = "$(TEST_HOST)";
				CODE_SIGN_STYLE = Automatic;
				INFOPLIST_FILE = "DAZN-CASETests/Info.plist";
				IPHONEOS_DEPLOYMENT_TARGET = 14.5;
				LD_RUNPATH_SEARCH_PATHS = (
					"$(inherited)",
					"@executable_path/Frameworks",
					"@loader_path/Frameworks",
				);
				PRODUCT_BUNDLE_IDENTIFIER = "com.dazn.DAZN-CASETests";
				PRODUCT_NAME = "$(TARGET_NAME)";
				SWIFT_VERSION = 5.0;
				TARGETED_DEVICE_FAMILY = "1,2";
				TEST_HOST = "$(BUILT_PRODUCTS_DIR)/DAZN-CASE.app/DAZN-CASE";
			};
			name = Release;
		};
		9BDE70DF26EE5F7F0031CC1A /* Debug */ = {
			isa = XCBuildConfiguration;
			buildSettings = {
				ALWAYS_EMBED_SWIFT_STANDARD_LIBRARIES = YES;
				CODE_SIGN_STYLE = Automatic;
				INFOPLIST_FILE = "DAZN-CASEUITests/Info.plist";
				LD_RUNPATH_SEARCH_PATHS = (
					"$(inherited)",
					"@executable_path/Frameworks",
					"@loader_path/Frameworks",
				);
				PRODUCT_BUNDLE_IDENTIFIER = "com.dazn.DAZN-CASEUITests";
				PRODUCT_NAME = "$(TARGET_NAME)";
				SWIFT_VERSION = 5.0;
				TARGETED_DEVICE_FAMILY = "1,2";
				TEST_TARGET_NAME = "DAZN-CASE";
			};
			name = Debug;
		};
		9BDE70E026EE5F7F0031CC1A /* Release */ = {
			isa = XCBuildConfiguration;
			buildSettings = {
				ALWAYS_EMBED_SWIFT_STANDARD_LIBRARIES = YES;
				CODE_SIGN_STYLE = Automatic;
				INFOPLIST_FILE = "DAZN-CASEUITests/Info.plist";
				LD_RUNPATH_SEARCH_PATHS = (
					"$(inherited)",
					"@executable_path/Frameworks",
					"@loader_path/Frameworks",
				);
				PRODUCT_BUNDLE_IDENTIFIER = "com.dazn.DAZN-CASEUITests";
				PRODUCT_NAME = "$(TARGET_NAME)";
				SWIFT_VERSION = 5.0;
				TARGETED_DEVICE_FAMILY = "1,2";
				TEST_TARGET_NAME = "DAZN-CASE";
			};
			name = Release;
		};
/* End XCBuildConfiguration section */

/* Begin XCConfigurationList section */
		9BDE70A626EE5F7C0031CC1A /* Build configuration list for PBXProject "DAZN-CASE" */ = {
			isa = XCConfigurationList;
			buildConfigurations = (
				9BDE70D626EE5F7F0031CC1A /* Debug */,
				9BDE70D726EE5F7F0031CC1A /* Release */,
			);
			defaultConfigurationIsVisible = 0;
			defaultConfigurationName = Release;
		};
		9BDE70D826EE5F7F0031CC1A /* Build configuration list for PBXNativeTarget "DAZN-CASE" */ = {
			isa = XCConfigurationList;
			buildConfigurations = (
				9BDE70D926EE5F7F0031CC1A /* Debug */,
				9BDE70DA26EE5F7F0031CC1A /* Release */,
			);
			defaultConfigurationIsVisible = 0;
			defaultConfigurationName = Release;
		};
		9BDE70DB26EE5F7F0031CC1A /* Build configuration list for PBXNativeTarget "DAZN-CASETests" */ = {
			isa = XCConfigurationList;
			buildConfigurations = (
				9BDE70DC26EE5F7F0031CC1A /* Debug */,
				9BDE70DD26EE5F7F0031CC1A /* Release */,
			);
			defaultConfigurationIsVisible = 0;
			defaultConfigurationName = Release;
		};
		9BDE70DE26EE5F7F0031CC1A /* Build configuration list for PBXNativeTarget "DAZN-CASEUITests" */ = {
			isa = XCConfigurationList;
			buildConfigurations = (
				9BDE70DF26EE5F7F0031CC1A /* Debug */,
				9BDE70E026EE5F7F0031CC1A /* Release */,
			);
			defaultConfigurationIsVisible = 0;
			defaultConfigurationName = Release;
		};
/* End XCConfigurationList section */

/* Begin XCVersionGroup section */
		9BDE70B726EE5F7C0031CC1A /* DAZN_CASE.xcdatamodeld */ = {
			isa = XCVersionGroup;
			children = (
				9BDE70B826EE5F7C0031CC1A /* DAZN_CASE.xcdatamodel */,
			);
			currentVersion = 9BDE70B826EE5F7C0031CC1A /* DAZN_CASE.xcdatamodel */;
			path = DAZN_CASE.xcdatamodeld;
			sourceTree = "<group>";
			versionGroupType = wrapper.xcdatamodel;
		};
/* End XCVersionGroup section */
	};
	rootObject = 9BDE70A326EE5F7C0031CC1A /* Project object */;
}
